// !$*UTF8*$!
{
	archiveVersion = 1;
	classes = {
	};
	objectVersion = 52;
	objects = {

/* Begin PBXBuildFile section */
		092BE1982549B5AA002945B8 /* DataService.swift in Sources */ = {isa = PBXBuildFile; fileRef = 092BE1972549B5AA002945B8 /* DataService.swift */; };
		09404C9A254706E5008436E1 /* EWApp.swift in Sources */ = {isa = PBXBuildFile; fileRef = 09404C99254706E5008436E1 /* EWApp.swift */; };
		09404C9C254706E5008436E1 /* ContentView.swift in Sources */ = {isa = PBXBuildFile; fileRef = 09404C9B254706E5008436E1 /* ContentView.swift */; };
		09404C9E254706E7008436E1 /* Assets.xcassets in Resources */ = {isa = PBXBuildFile; fileRef = 09404C9D254706E7008436E1 /* Assets.xcassets */; };
		09404CA1254706E7008436E1 /* Preview Assets.xcassets in Resources */ = {isa = PBXBuildFile; fileRef = 09404CA0254706E7008436E1 /* Preview Assets.xcassets */; };
		09404CAC254706E7008436E1 /* EWTests.swift in Sources */ = {isa = PBXBuildFile; fileRef = 09404CAB254706E7008436E1 /* EWTests.swift */; };
		09404CB7254706E7008436E1 /* EWUITests.swift in Sources */ = {isa = PBXBuildFile; fileRef = 09404CB6254706E7008436E1 /* EWUITests.swift */; };
		09404CC92547076C008436E1 /* SwiftSoup in Frameworks */ = {isa = PBXBuildFile; productRef = 09404CC82547076C008436E1 /* SwiftSoup */; };
		09404CCF25471DB6008436E1 /* SwiftUICharts in Frameworks */ = {isa = PBXBuildFile; productRef = 09404CCE25471DB6008436E1 /* SwiftUICharts */; };
		09404CF325471FB1008436E1 /* EWData.swift in Sources */ = {isa = PBXBuildFile; fileRef = 09404CF225471FB1008436E1 /* EWData.swift */; };
		09404D6525473C0E008436E1 /* ParserTests.swift in Sources */ = {isa = PBXBuildFile; fileRef = 09404D6425473C0E008436E1 /* ParserTests.swift */; };
		09DA61C925482E2500B5051F /* MainScreen.swift in Sources */ = {isa = PBXBuildFile; fileRef = 09DA61C825482E2500B5051F /* MainScreen.swift */; };
		09DA62382548662B00B5051F /* Line.swift in Sources */ = {isa = PBXBuildFile; fileRef = 09DA62372548662B00B5051F /* Line.swift */; };
		09DA623D25487C2900B5051F /* CardView.swift in Sources */ = {isa = PBXBuildFile; fileRef = 09DA623C25487C2800B5051F /* CardView.swift */; };
		09DA62472548947000B5051F /* DashboardVM.swift in Sources */ = {isa = PBXBuildFile; fileRef = 09DA62462548947000B5051F /* DashboardVM.swift */; };
/* End PBXBuildFile section */

/* Begin PBXContainerItemProxy section */
		09404CA8254706E7008436E1 /* PBXContainerItemProxy */ = {
			isa = PBXContainerItemProxy;
			containerPortal = 09404C8E254706E5008436E1 /* Project object */;
			proxyType = 1;
			remoteGlobalIDString = 09404C95254706E5008436E1;
			remoteInfo = EW;
		};
		09404CB3254706E7008436E1 /* PBXContainerItemProxy */ = {
			isa = PBXContainerItemProxy;
			containerPortal = 09404C8E254706E5008436E1 /* Project object */;
			proxyType = 1;
			remoteGlobalIDString = 09404C95254706E5008436E1;
			remoteInfo = EW;
		};
/* End PBXContainerItemProxy section */

/* Begin PBXFileReference section */
		092BE1972549B5AA002945B8 /* DataService.swift */ = {isa = PBXFileReference; lastKnownFileType = sourcecode.swift; path = DataService.swift; sourceTree = "<group>"; };
		09404C96254706E5008436E1 /* EW.app */ = {isa = PBXFileReference; explicitFileType = wrapper.application; includeInIndex = 0; path = EW.app; sourceTree = BUILT_PRODUCTS_DIR; };
		09404C99254706E5008436E1 /* EWApp.swift */ = {isa = PBXFileReference; lastKnownFileType = sourcecode.swift; path = EWApp.swift; sourceTree = "<group>"; };
		09404C9B254706E5008436E1 /* ContentView.swift */ = {isa = PBXFileReference; lastKnownFileType = sourcecode.swift; path = ContentView.swift; sourceTree = "<group>"; };
		09404C9D254706E7008436E1 /* Assets.xcassets */ = {isa = PBXFileReference; lastKnownFileType = folder.assetcatalog; path = Assets.xcassets; sourceTree = "<group>"; };
		09404CA0254706E7008436E1 /* Preview Assets.xcassets */ = {isa = PBXFileReference; lastKnownFileType = folder.assetcatalog; path = "Preview Assets.xcassets"; sourceTree = "<group>"; };
		09404CA2254706E7008436E1 /* Info.plist */ = {isa = PBXFileReference; lastKnownFileType = text.plist.xml; path = Info.plist; sourceTree = "<group>"; };
		09404CA7254706E7008436E1 /* EWTests.xctest */ = {isa = PBXFileReference; explicitFileType = wrapper.cfbundle; includeInIndex = 0; path = EWTests.xctest; sourceTree = BUILT_PRODUCTS_DIR; };
		09404CAB254706E7008436E1 /* EWTests.swift */ = {isa = PBXFileReference; lastKnownFileType = sourcecode.swift; path = EWTests.swift; sourceTree = "<group>"; };
		09404CAD254706E7008436E1 /* Info.plist */ = {isa = PBXFileReference; lastKnownFileType = text.plist.xml; path = Info.plist; sourceTree = "<group>"; };
		09404CB2254706E7008436E1 /* EWUITests.xctest */ = {isa = PBXFileReference; explicitFileType = wrapper.cfbundle; includeInIndex = 0; path = EWUITests.xctest; sourceTree = BUILT_PRODUCTS_DIR; };
		09404CB6254706E7008436E1 /* EWUITests.swift */ = {isa = PBXFileReference; lastKnownFileType = sourcecode.swift; path = EWUITests.swift; sourceTree = "<group>"; };
		09404CB8254706E7008436E1 /* Info.plist */ = {isa = PBXFileReference; lastKnownFileType = text.plist.xml; path = Info.plist; sourceTree = "<group>"; };
		09404CF225471FB1008436E1 /* EWData.swift */ = {isa = PBXFileReference; lastKnownFileType = sourcecode.swift; path = EWData.swift; sourceTree = "<group>"; };
		09404D6425473C0E008436E1 /* ParserTests.swift */ = {isa = PBXFileReference; lastKnownFileType = sourcecode.swift; path = ParserTests.swift; sourceTree = "<group>"; };
		09DA61C825482E2500B5051F /* MainScreen.swift */ = {isa = PBXFileReference; lastKnownFileType = sourcecode.swift; path = MainScreen.swift; sourceTree = "<group>"; };
		09DA62372548662B00B5051F /* Line.swift */ = {isa = PBXFileReference; lastKnownFileType = sourcecode.swift; path = Line.swift; sourceTree = "<group>"; };
		09DA623C25487C2800B5051F /* CardView.swift */ = {isa = PBXFileReference; lastKnownFileType = sourcecode.swift; path = CardView.swift; sourceTree = "<group>"; };
		09DA62462548947000B5051F /* DashboardVM.swift */ = {isa = PBXFileReference; lastKnownFileType = sourcecode.swift; path = DashboardVM.swift; sourceTree = "<group>"; };
/* End PBXFileReference section */

/* Begin PBXFrameworksBuildPhase section */
		09404C93254706E5008436E1 /* Frameworks */ = {
			isa = PBXFrameworksBuildPhase;
			buildActionMask = 2147483647;
			files = (
				09404CC92547076C008436E1 /* SwiftSoup in Frameworks */,
				09404CCF25471DB6008436E1 /* SwiftUICharts in Frameworks */,
			);
			runOnlyForDeploymentPostprocessing = 0;
		};
		09404CA4254706E7008436E1 /* Frameworks */ = {
			isa = PBXFrameworksBuildPhase;
			buildActionMask = 2147483647;
			files = (
			);
			runOnlyForDeploymentPostprocessing = 0;
		};
		09404CAF254706E7008436E1 /* Frameworks */ = {
			isa = PBXFrameworksBuildPhase;
			buildActionMask = 2147483647;
			files = (
			);
			runOnlyForDeploymentPostprocessing = 0;
		};
/* End PBXFrameworksBuildPhase section */

/* Begin PBXGroup section */
		092BE1962549B591002945B8 /* Service */ = {
			isa = PBXGroup;
			children = (
				092BE1972549B5AA002945B8 /* DataService.swift */,
			);
			path = Service;
			sourceTree = "<group>";
		};
		09404C8D254706E5008436E1 = {
			isa = PBXGroup;
			children = (
				09404C98254706E5008436E1 /* EW */,
				09404CAA254706E7008436E1 /* EWTests */,
				09404CB5254706E7008436E1 /* EWUITests */,
				09404C97254706E5008436E1 /* Products */,
			);
			sourceTree = "<group>";
		};
		09404C97254706E5008436E1 /* Products */ = {
			isa = PBXGroup;
			children = (
				09404C96254706E5008436E1 /* EW.app */,
				09404CA7254706E7008436E1 /* EWTests.xctest */,
				09404CB2254706E7008436E1 /* EWUITests.xctest */,
			);
			name = Products;
			sourceTree = "<group>";
		};
		09404C98254706E5008436E1 /* EW */ = {
			isa = PBXGroup;
			children = (
				092BE1962549B591002945B8 /* Service */,
				09404C9D254706E7008436E1 /* Assets.xcassets */,
				09404CA2254706E7008436E1 /* Info.plist */,
				09404C99254706E5008436E1 /* EWApp.swift */,
				09DA62442548937C00B5051F /* Views */,
				09DA62452548939C00B5051F /* ViewModels */,
				09404C9F254706E7008436E1 /* Preview Content */,
				09404CF225471FB1008436E1 /* EWData.swift */,
			);
			path = EW;
			sourceTree = "<group>";
		};
		09404C9F254706E7008436E1 /* Preview Content */ = {
			isa = PBXGroup;
			children = (
				09404CA0254706E7008436E1 /* Preview Assets.xcassets */,
			);
			path = "Preview Content";
			sourceTree = "<group>";
		};
		09404CAA254706E7008436E1 /* EWTests */ = {
			isa = PBXGroup;
			children = (
				09404D6425473C0E008436E1 /* ParserTests.swift */,
				09404CAB254706E7008436E1 /* EWTests.swift */,
				09404CAD254706E7008436E1 /* Info.plist */,
			);
			path = EWTests;
			sourceTree = "<group>";
		};
		09404CB5254706E7008436E1 /* EWUITests */ = {
			isa = PBXGroup;
			children = (
				09404CB6254706E7008436E1 /* EWUITests.swift */,
				09404CB8254706E7008436E1 /* Info.plist */,
			);
			path = EWUITests;
			sourceTree = "<group>";
		};
		09DA62442548937C00B5051F /* Views */ = {
			isa = PBXGroup;
			children = (
				09DA62372548662B00B5051F /* Line.swift */,
				09DA623C25487C2800B5051F /* CardView.swift */,
				09DA61C825482E2500B5051F /* MainScreen.swift */,
				09404C9B254706E5008436E1 /* ContentView.swift */,
			);
			path = Views;
			sourceTree = "<group>";
		};
		09DA62452548939C00B5051F /* ViewModels */ = {
			isa = PBXGroup;
			children = (
				09DA62462548947000B5051F /* DashboardVM.swift */,
			);
			path = ViewModels;
			sourceTree = "<group>";
		};
/* End PBXGroup section */

/* Begin PBXNativeTarget section */
		09404C95254706E5008436E1 /* EW */ = {
			isa = PBXNativeTarget;
			buildConfigurationList = 09404CBB254706E7008436E1 /* Build configuration list for PBXNativeTarget "EW" */;
			buildPhases = (
				09404C92254706E5008436E1 /* Sources */,
				09404C93254706E5008436E1 /* Frameworks */,
				09404C94254706E5008436E1 /* Resources */,
			);
			buildRules = (
			);
			dependencies = (
			);
			name = EW;
			packageProductDependencies = (
				09404CC82547076C008436E1 /* SwiftSoup */,
				09404CCE25471DB6008436E1 /* SwiftUICharts */,
			);
			productName = EW;
			productReference = 09404C96254706E5008436E1 /* EW.app */;
			productType = "com.apple.product-type.application";
		};
		09404CA6254706E7008436E1 /* EWTests */ = {
			isa = PBXNativeTarget;
			buildConfigurationList = 09404CBE254706E7008436E1 /* Build configuration list for PBXNativeTarget "EWTests" */;
			buildPhases = (
				09404CA3254706E7008436E1 /* Sources */,
				09404CA4254706E7008436E1 /* Frameworks */,
				09404CA5254706E7008436E1 /* Resources */,
			);
			buildRules = (
			);
			dependencies = (
				09404CA9254706E7008436E1 /* PBXTargetDependency */,
			);
			name = EWTests;
			productName = EWTests;
			productReference = 09404CA7254706E7008436E1 /* EWTests.xctest */;
			productType = "com.apple.product-type.bundle.unit-test";
		};
		09404CB1254706E7008436E1 /* EWUITests */ = {
			isa = PBXNativeTarget;
			buildConfigurationList = 09404CC1254706E7008436E1 /* Build configuration list for PBXNativeTarget "EWUITests" */;
			buildPhases = (
				09404CAE254706E7008436E1 /* Sources */,
				09404CAF254706E7008436E1 /* Frameworks */,
				09404CB0254706E7008436E1 /* Resources */,
			);
			buildRules = (
			);
			dependencies = (
				09404CB4254706E7008436E1 /* PBXTargetDependency */,
			);
			name = EWUITests;
			productName = EWUITests;
			productReference = 09404CB2254706E7008436E1 /* EWUITests.xctest */;
			productType = "com.apple.product-type.bundle.ui-testing";
		};
/* End PBXNativeTarget section */

/* Begin PBXProject section */
		09404C8E254706E5008436E1 /* Project object */ = {
			isa = PBXProject;
			attributes = {
				LastSwiftUpdateCheck = 1200;
				LastUpgradeCheck = 1200;
				TargetAttributes = {
					09404C95254706E5008436E1 = {
						CreatedOnToolsVersion = 12.0;
					};
					09404CA6254706E7008436E1 = {
						CreatedOnToolsVersion = 12.0;
						TestTargetID = 09404C95254706E5008436E1;
					};
					09404CB1254706E7008436E1 = {
						CreatedOnToolsVersion = 12.0;
						TestTargetID = 09404C95254706E5008436E1;
					};
				};
			};
			buildConfigurationList = 09404C91254706E5008436E1 /* Build configuration list for PBXProject "EW" */;
			compatibilityVersion = "Xcode 9.3";
			developmentRegion = en;
			hasScannedForEncodings = 0;
			knownRegions = (
				en,
				Base,
			);
			mainGroup = 09404C8D254706E5008436E1;
			packageReferences = (
				09404CC72547076C008436E1 /* XCRemoteSwiftPackageReference "SwiftSoup" */,
				09404CCD25471DB6008436E1 /* XCRemoteSwiftPackageReference "ChartView" */,
			);
			productRefGroup = 09404C97254706E5008436E1 /* Products */;
			projectDirPath = "";
			projectRoot = "";
			targets = (
				09404C95254706E5008436E1 /* EW */,
				09404CA6254706E7008436E1 /* EWTests */,
				09404CB1254706E7008436E1 /* EWUITests */,
			);
		};
/* End PBXProject section */

/* Begin PBXResourcesBuildPhase section */
		09404C94254706E5008436E1 /* Resources */ = {
			isa = PBXResourcesBuildPhase;
			buildActionMask = 2147483647;
			files = (
				09404CA1254706E7008436E1 /* Preview Assets.xcassets in Resources */,
				09404C9E254706E7008436E1 /* Assets.xcassets in Resources */,
			);
			runOnlyForDeploymentPostprocessing = 0;
		};
		09404CA5254706E7008436E1 /* Resources */ = {
			isa = PBXResourcesBuildPhase;
			buildActionMask = 2147483647;
			files = (
			);
			runOnlyForDeploymentPostprocessing = 0;
		};
		09404CB0254706E7008436E1 /* Resources */ = {
			isa = PBXResourcesBuildPhase;
			buildActionMask = 2147483647;
			files = (
			);
			runOnlyForDeploymentPostprocessing = 0;
		};
/* End PBXResourcesBuildPhase section */

/* Begin PBXSourcesBuildPhase section */
		09404C92254706E5008436E1 /* Sources */ = {
			isa = PBXSourcesBuildPhase;
			buildActionMask = 2147483647;
			files = (
				09DA61C925482E2500B5051F /* MainScreen.swift in Sources */,
				09404C9C254706E5008436E1 /* ContentView.swift in Sources */,
				09404C9A254706E5008436E1 /* EWApp.swift in Sources */,
				09404CF325471FB1008436E1 /* EWData.swift in Sources */,
				09DA623D25487C2900B5051F /* CardView.swift in Sources */,
				09DA62382548662B00B5051F /* Line.swift in Sources */,
				09DA62472548947000B5051F /* DashboardVM.swift in Sources */,
				092BE1982549B5AA002945B8 /* DataService.swift in Sources */,
			);
			runOnlyForDeploymentPostprocessing = 0;
		};
		09404CA3254706E7008436E1 /* Sources */ = {
			isa = PBXSourcesBuildPhase;
			buildActionMask = 2147483647;
			files = (
				09404D6525473C0E008436E1 /* ParserTests.swift in Sources */,
				09404CAC254706E7008436E1 /* EWTests.swift in Sources */,
			);
			runOnlyForDeploymentPostprocessing = 0;
		};
		09404CAE254706E7008436E1 /* Sources */ = {
			isa = PBXSourcesBuildPhase;
			buildActionMask = 2147483647;
			files = (
				09404CB7254706E7008436E1 /* EWUITests.swift in Sources */,
			);
			runOnlyForDeploymentPostprocessing = 0;
		};
/* End PBXSourcesBuildPhase section */

/* Begin PBXTargetDependency section */
		09404CA9254706E7008436E1 /* PBXTargetDependency */ = {
			isa = PBXTargetDependency;
			target = 09404C95254706E5008436E1 /* EW */;
			targetProxy = 09404CA8254706E7008436E1 /* PBXContainerItemProxy */;
		};
		09404CB4254706E7008436E1 /* PBXTargetDependency */ = {
			isa = PBXTargetDependency;
			target = 09404C95254706E5008436E1 /* EW */;
			targetProxy = 09404CB3254706E7008436E1 /* PBXContainerItemProxy */;
		};
/* End PBXTargetDependency section */

/* Begin XCBuildConfiguration section */
		09404CB9254706E7008436E1 /* Debug */ = {
			isa = XCBuildConfiguration;
			buildSettings = {
				ALWAYS_SEARCH_USER_PATHS = NO;
				CLANG_ANALYZER_NONNULL = YES;
				CLANG_ANALYZER_NUMBER_OBJECT_CONVERSION = YES_AGGRESSIVE;
				CLANG_CXX_LANGUAGE_STANDARD = "gnu++14";
				CLANG_CXX_LIBRARY = "libc++";
				CLANG_ENABLE_MODULES = YES;
				CLANG_ENABLE_OBJC_ARC = YES;
				CLANG_ENABLE_OBJC_WEAK = YES;
				CLANG_WARN_BLOCK_CAPTURE_AUTORELEASING = YES;
				CLANG_WARN_BOOL_CONVERSION = YES;
				CLANG_WARN_COMMA = YES;
				CLANG_WARN_CONSTANT_CONVERSION = YES;
				CLANG_WARN_DEPRECATED_OBJC_IMPLEMENTATIONS = YES;
				CLANG_WARN_DIRECT_OBJC_ISA_USAGE = YES_ERROR;
				CLANG_WARN_DOCUMENTATION_COMMENTS = YES;
				CLANG_WARN_EMPTY_BODY = YES;
				CLANG_WARN_ENUM_CONVERSION = YES;
				CLANG_WARN_INFINITE_RECURSION = YES;
				CLANG_WARN_INT_CONVERSION = YES;
				CLANG_WARN_NON_LITERAL_NULL_CONVERSION = YES;
				CLANG_WARN_OBJC_IMPLICIT_RETAIN_SELF = YES;
				CLANG_WARN_OBJC_LITERAL_CONVERSION = YES;
				CLANG_WARN_OBJC_ROOT_CLASS = YES_ERROR;
				CLANG_WARN_QUOTED_INCLUDE_IN_FRAMEWORK_HEADER = YES;
				CLANG_WARN_RANGE_LOOP_ANALYSIS = YES;
				CLANG_WARN_STRICT_PROTOTYPES = YES;
				CLANG_WARN_SUSPICIOUS_MOVE = YES;
				CLANG_WARN_UNGUARDED_AVAILABILITY = YES_AGGRESSIVE;
				CLANG_WARN_UNREACHABLE_CODE = YES;
				CLANG_WARN__DUPLICATE_METHOD_MATCH = YES;
				COPY_PHASE_STRIP = NO;
				DEBUG_INFORMATION_FORMAT = dwarf;
				ENABLE_STRICT_OBJC_MSGSEND = YES;
				ENABLE_TESTABILITY = YES;
				GCC_C_LANGUAGE_STANDARD = gnu11;
				GCC_DYNAMIC_NO_PIC = NO;
				GCC_NO_COMMON_BLOCKS = YES;
				GCC_OPTIMIZATION_LEVEL = 0;
				GCC_PREPROCESSOR_DEFINITIONS = (
					"DEBUG=1",
					"$(inherited)",
				);
				GCC_WARN_64_TO_32_BIT_CONVERSION = YES;
				GCC_WARN_ABOUT_RETURN_TYPE = YES_ERROR;
				GCC_WARN_UNDECLARED_SELECTOR = YES;
				GCC_WARN_UNINITIALIZED_AUTOS = YES_AGGRESSIVE;
				GCC_WARN_UNUSED_FUNCTION = YES;
				GCC_WARN_UNUSED_VARIABLE = YES;
				IPHONEOS_DEPLOYMENT_TARGET = 14.0;
				MTL_ENABLE_DEBUG_INFO = INCLUDE_SOURCE;
				MTL_FAST_MATH = YES;
				ONLY_ACTIVE_ARCH = YES;
				SDKROOT = iphoneos;
				SWIFT_ACTIVE_COMPILATION_CONDITIONS = DEBUG;
				SWIFT_OPTIMIZATION_LEVEL = "-Onone";
			};
			name = Debug;
		};
		09404CBA254706E7008436E1 /* Release */ = {
			isa = XCBuildConfiguration;
			buildSettings = {
				ALWAYS_SEARCH_USER_PATHS = NO;
				CLANG_ANALYZER_NONNULL = YES;
				CLANG_ANALYZER_NUMBER_OBJECT_CONVERSION = YES_AGGRESSIVE;
				CLANG_CXX_LANGUAGE_STANDARD = "gnu++14";
				CLANG_CXX_LIBRARY = "libc++";
				CLANG_ENABLE_MODULES = YES;
				CLANG_ENABLE_OBJC_ARC = YES;
				CLANG_ENABLE_OBJC_WEAK = YES;
				CLANG_WARN_BLOCK_CAPTURE_AUTORELEASING = YES;
				CLANG_WARN_BOOL_CONVERSION = YES;
				CLANG_WARN_COMMA = YES;
				CLANG_WARN_CONSTANT_CONVERSION = YES;
				CLANG_WARN_DEPRECATED_OBJC_IMPLEMENTATIONS = YES;
				CLANG_WARN_DIRECT_OBJC_ISA_USAGE = YES_ERROR;
				CLANG_WARN_DOCUMENTATION_COMMENTS = YES;
				CLANG_WARN_EMPTY_BODY = YES;
				CLANG_WARN_ENUM_CONVERSION = YES;
				CLANG_WARN_INFINITE_RECURSION = YES;
				CLANG_WARN_INT_CONVERSION = YES;
				CLANG_WARN_NON_LITERAL_NULL_CONVERSION = YES;
				CLANG_WARN_OBJC_IMPLICIT_RETAIN_SELF = YES;
				CLANG_WARN_OBJC_LITERAL_CONVERSION = YES;
				CLANG_WARN_OBJC_ROOT_CLASS = YES_ERROR;
				CLANG_WARN_QUOTED_INCLUDE_IN_FRAMEWORK_HEADER = YES;
				CLANG_WARN_RANGE_LOOP_ANALYSIS = YES;
				CLANG_WARN_STRICT_PROTOTYPES = YES;
				CLANG_WARN_SUSPICIOUS_MOVE = YES;
				CLANG_WARN_UNGUARDED_AVAILABILITY = YES_AGGRESSIVE;
				CLANG_WARN_UNREACHABLE_CODE = YES;
				CLANG_WARN__DUPLICATE_METHOD_MATCH = YES;
				COPY_PHASE_STRIP = NO;
				DEBUG_INFORMATION_FORMAT = "dwarf-with-dsym";
				ENABLE_NS_ASSERTIONS = NO;
				ENABLE_STRICT_OBJC_MSGSEND = YES;
				GCC_C_LANGUAGE_STANDARD = gnu11;
				GCC_NO_COMMON_BLOCKS = YES;
				GCC_WARN_64_TO_32_BIT_CONVERSION = YES;
				GCC_WARN_ABOUT_RETURN_TYPE = YES_ERROR;
				GCC_WARN_UNDECLARED_SELECTOR = YES;
				GCC_WARN_UNINITIALIZED_AUTOS = YES_AGGRESSIVE;
				GCC_WARN_UNUSED_FUNCTION = YES;
				GCC_WARN_UNUSED_VARIABLE = YES;
				IPHONEOS_DEPLOYMENT_TARGET = 14.0;
				MTL_ENABLE_DEBUG_INFO = NO;
				MTL_FAST_MATH = YES;
				SDKROOT = iphoneos;
				SWIFT_COMPILATION_MODE = wholemodule;
				SWIFT_OPTIMIZATION_LEVEL = "-O";
				VALIDATE_PRODUCT = YES;
			};
			name = Release;
		};
		09404CBC254706E7008436E1 /* Debug */ = {
			isa = XCBuildConfiguration;
			buildSettings = {
				ASSETCATALOG_COMPILER_APPICON_NAME = AppIcon;
				ASSETCATALOG_COMPILER_GLOBAL_ACCENT_COLOR_NAME = AccentColor;
				CODE_SIGN_STYLE = Automatic;
				DEVELOPMENT_ASSET_PATHS = "\"EW/Preview Content\"";
				DEVELOPMENT_TEAM = 8GM57Z56RX;
				ENABLE_PREVIEWS = YES;
				INFOPLIST_FILE = EW/Info.plist;
				IPHONEOS_DEPLOYMENT_TARGET = 14.0;
				LD_RUNPATH_SEARCH_PATHS = (
					"$(inherited)",
					"@executable_path/Frameworks",
				);
				PRODUCT_BUNDLE_IDENTIFIER = ut.EWproject;
				PRODUCT_NAME = "$(TARGET_NAME)";
				SWIFT_VERSION = 5.0;
				TARGETED_DEVICE_FAMILY = "1,2";
			};
			name = Debug;
		};
		09404CBD254706E7008436E1 /* Release */ = {
			isa = XCBuildConfiguration;
			buildSettings = {
				ASSETCATALOG_COMPILER_APPICON_NAME = AppIcon;
				ASSETCATALOG_COMPILER_GLOBAL_ACCENT_COLOR_NAME = AccentColor;
				CODE_SIGN_STYLE = Automatic;
				DEVELOPMENT_ASSET_PATHS = "\"EW/Preview Content\"";
				DEVELOPMENT_TEAM = 8GM57Z56RX;
				ENABLE_PREVIEWS = YES;
				INFOPLIST_FILE = EW/Info.plist;
				IPHONEOS_DEPLOYMENT_TARGET = 14.0;
				LD_RUNPATH_SEARCH_PATHS = (
					"$(inherited)",
					"@executable_path/Frameworks",
				);
				PRODUCT_BUNDLE_IDENTIFIER = ut.EWproject;
				PRODUCT_NAME = "$(TARGET_NAME)";
				SWIFT_VERSION = 5.0;
				TARGETED_DEVICE_FAMILY = "1,2";
			};
			name = Release;
		};
		09404CBF254706E7008436E1 /* Debug */ = {
			isa = XCBuildConfiguration;
			buildSettings = {
				ALWAYS_EMBED_SWIFT_STANDARD_LIBRARIES = YES;
				BUNDLE_LOADER = "$(TEST_HOST)";
				CODE_SIGN_STYLE = Automatic;
				DEVELOPMENT_TEAM = Z97DRS4UT9;
				INFOPLIST_FILE = EWTests/Info.plist;
				IPHONEOS_DEPLOYMENT_TARGET = 14.0;
				LD_RUNPATH_SEARCH_PATHS = (
					"$(inherited)",
					"@executable_path/Frameworks",
					"@loader_path/Frameworks",
				);
				PRODUCT_BUNDLE_IDENTIFIER = ut.EWTests;
				PRODUCT_NAME = "$(TARGET_NAME)";
				SWIFT_VERSION = 5.0;
				TARGETED_DEVICE_FAMILY = "1,2";
				TEST_HOST = "$(BUILT_PRODUCTS_DIR)/EW.app/EW";
			};
			name = Debug;
		};
		09404CC0254706E7008436E1 /* Release */ = {
			isa = XCBuildConfiguration;
			buildSettings = {
				ALWAYS_EMBED_SWIFT_STANDARD_LIBRARIES = YES;
				BUNDLE_LOADER = "$(TEST_HOST)";
				CODE_SIGN_STYLE = Automatic;
				DEVELOPMENT_TEAM = Z97DRS4UT9;
				INFOPLIST_FILE = EWTests/Info.plist;
				IPHONEOS_DEPLOYMENT_TARGET = 14.0;
				LD_RUNPATH_SEARCH_PATHS = (
					"$(inherited)",
					"@executable_path/Frameworks",
					"@loader_path/Frameworks",
				);
				PRODUCT_BUNDLE_IDENTIFIER = ut.EWTests;
				PRODUCT_NAME = "$(TARGET_NAME)";
				SWIFT_VERSION = 5.0;
				TARGETED_DEVICE_FAMILY = "1,2";
				TEST_HOST = "$(BUILT_PRODUCTS_DIR)/EW.app/EW";
			};
			name = Release;
		};
		09404CC2254706E7008436E1 /* Debug */ = {
			isa = XCBuildConfiguration;
			buildSettings = {
				ALWAYS_EMBED_SWIFT_STANDARD_LIBRARIES = YES;
				CODE_SIGN_STYLE = Automatic;
				DEVELOPMENT_TEAM = Z97DRS4UT9;
				INFOPLIST_FILE = EWUITests/Info.plist;
				LD_RUNPATH_SEARCH_PATHS = (
					"$(inherited)",
					"@executable_path/Frameworks",
					"@loader_path/Frameworks",
				);
				PRODUCT_BUNDLE_IDENTIFIER = ut.EWUITests;
				PRODUCT_NAME = "$(TARGET_NAME)";
				SWIFT_VERSION = 5.0;
				TARGETED_DEVICE_FAMILY = "1,2";
				TEST_TARGET_NAME = EW;
			};
			name = Debug;
		};
		09404CC3254706E7008436E1 /* Release */ = {
			isa = XCBuildConfiguration;
			buildSettings = {
				ALWAYS_EMBED_SWIFT_STANDARD_LIBRARIES = YES;
				CODE_SIGN_STYLE = Automatic;
				DEVELOPMENT_TEAM = Z97DRS4UT9;
				INFOPLIST_FILE = EWUITests/Info.plist;
				LD_RUNPATH_SEARCH_PATHS = (
					"$(inherited)",
					"@executable_path/Frameworks",
					"@loader_path/Frameworks",
				);
				PRODUCT_BUNDLE_IDENTIFIER = ut.EWUITests;
				PRODUCT_NAME = "$(TARGET_NAME)";
				SWIFT_VERSION = 5.0;
				TARGETED_DEVICE_FAMILY = "1,2";
				TEST_TARGET_NAME = EW;
			};
			name = Release;
		};
/* End XCBuildConfiguration section */

/* Begin XCConfigurationList section */
		09404C91254706E5008436E1 /* Build configuration list for PBXProject "EW" */ = {
			isa = XCConfigurationList;
			buildConfigurations = (
				09404CB9254706E7008436E1 /* Debug */,
				09404CBA254706E7008436E1 /* Release */,
			);
			defaultConfigurationIsVisible = 0;
			defaultConfigurationName = Release;
		};
		09404CBB254706E7008436E1 /* Build configuration list for PBXNativeTarget "EW" */ = {
			isa = XCConfigurationList;
			buildConfigurations = (
				09404CBC254706E7008436E1 /* Debug */,
				09404CBD254706E7008436E1 /* Release */,
			);
			defaultConfigurationIsVisible = 0;
			defaultConfigurationName = Release;
		};
		09404CBE254706E7008436E1 /* Build configuration list for PBXNativeTarget "EWTests" */ = {
			isa = XCConfigurationList;
			buildConfigurations = (
				09404CBF254706E7008436E1 /* Debug */,
				09404CC0254706E7008436E1 /* Release */,
			);
			defaultConfigurationIsVisible = 0;
			defaultConfigurationName = Release;
		};
		09404CC1254706E7008436E1 /* Build configuration list for PBXNativeTarget "EWUITests" */ = {
			isa = XCConfigurationList;
			buildConfigurations = (
				09404CC2254706E7008436E1 /* Debug */,
				09404CC3254706E7008436E1 /* Release */,
			);
			defaultConfigurationIsVisible = 0;
			defaultConfigurationName = Release;
		};
/* End XCConfigurationList section */

/* Begin XCRemoteSwiftPackageReference section */
		09404CC72547076C008436E1 /* XCRemoteSwiftPackageReference "SwiftSoup" */ = {
			isa = XCRemoteSwiftPackageReference;
			repositoryURL = "https://github.com/scinfu/SwiftSoup.git";
			requirement = {
				kind = upToNextMajorVersion;
				minimumVersion = 2.3.2;
			};
		};
		09404CCD25471DB6008436E1 /* XCRemoteSwiftPackageReference "ChartView" */ = {
			isa = XCRemoteSwiftPackageReference;
			repositoryURL = "https://github.com/AppPear/ChartView";
			requirement = {
				kind = upToNextMajorVersion;
				minimumVersion = 1.5.4;
			};
		};
/* End XCRemoteSwiftPackageReference section */

/* Begin XCSwiftPackageProductDependency section */
		09404CC82547076C008436E1 /* SwiftSoup */ = {
			isa = XCSwiftPackageProductDependency;
			package = 09404CC72547076C008436E1 /* XCRemoteSwiftPackageReference "SwiftSoup" */;
			productName = SwiftSoup;
		};
		09404CCE25471DB6008436E1 /* SwiftUICharts */ = {
			isa = XCSwiftPackageProductDependency;
			package = 09404CCD25471DB6008436E1 /* XCRemoteSwiftPackageReference "ChartView" */;
			productName = SwiftUICharts;
		};
/* End XCSwiftPackageProductDependency section */
	};
	rootObject = 09404C8E254706E5008436E1 /* Project object */;
}
